
Microsoft Visual Studio Solution File, Format Version 12.00
# Visual Studio Version 17
VisualStudioVersion = 17.8.34525.116
MinimumVisualStudioVersion = 10.0.40219.1
Project("{FAE04EC0-301F-11D3-BF4B-00C04F79EFBC}") = "challenge.tecton.API", "challenge.tecton.API\challenge.tecton.API.csproj", "{8A637F3B-E849-4925-AEAF-FEC38CA8B841}"
EndProject
Global
	GlobalSection(SolutionConfigurationPlatforms) = preSolution
		Debug|Any CPU = Debug|Any CPU
		Release|Any CPU = Release|Any CPU
	EndGlobalSection
	GlobalSection(ProjectConfigurationPlatforms) = postSolution
		{8A637F3B-E849-4925-AEAF-FEC38CA8B841}.Debug|Any CPU.ActiveCfg = Debug|Any CPU
		{8A637F3B-E849-4925-AEAF-FEC38CA8B841}.Debug|Any CPU.Build.0 = Debug|Any CPU
		{8A637F3B-E849-4925-AEAF-FEC38CA8B841}.Release|Any CPU.ActiveCfg = Release|Any CPU
		{8A637F3B-E849-4925-AEAF-FEC38CA8B841}.Release|Any CPU.Build.0 = Release|Any CPU
	EndGlobalSection
	GlobalSection(SolutionProperties) = preSolution
		HideSolutionNode = FALSE
	EndGlobalSection
	GlobalSection(ExtensibilityGlobals) = postSolution
		SolutionGuid = {35E73E19-6633-4316-83FD-F13A89EA95FD}
	EndGlobalSection
EndGlobal
