
Microsoft Visual Studio Solution File, Format Version 12.00
# Visual Studio Version 17
VisualStudioVersion = 17.8.34525.116
MinimumVisualStudioVersion = 10.0.40219.1
Project("{2150E333-8FDC-42A3-9474-1A3956D46DE8}") = "API", "API", "{BB445A9C-563A-4A71-B20B-90CD9B2760CE}"
EndProject
Project("{2150E333-8FDC-42A3-9474-1A3956D46DE8}") = "Modules", "Modules", "{E62DA814-D0E9-4B4E-9153-13AACCB93122}"
EndProject
Project("{2150E333-8FDC-42A3-9474-1A3956D46DE8}") = "Challenge", "Challenge", "{5B29EFA3-952B-4F46-8680-13971B8F193C}"
EndProject
Project("{2150E333-8FDC-42A3-9474-1A3956D46DE8}") = "Application", "Application", "{C6EA8D91-58E6-4B0E-B81F-F182DBDA7255}"
EndProject
Project("{FAE04EC0-301F-11D3-BF4B-00C04F79EFBC}") = "Challenge.API", "src\API\Challenge.API\Challenge.API.csproj", "{184B8DA1-8233-4021-8156-AE30CE8AD08A}"
EndProject
Project("{2150E333-8FDC-42A3-9474-1A3956D46DE8}") = "Domain", "Domain", "{2AFB2F99-6211-450C-8E7B-C0E3FAFC2957}"
EndProject
Project("{2150E333-8FDC-42A3-9474-1A3956D46DE8}") = "Infraestructure", "Infraestructure", "{7B82C7EE-BA23-45BC-9D9A-CBC9638CBA1B}"
EndProject
Project("{2150E333-8FDC-42A3-9474-1A3956D46DE8}") = "Tests", "Tests", "{45AADDD1-345D-4A0D-B8E9-F6CCE8AE69A0}"
EndProject
Project("{FAE04EC0-301F-11D3-BF4B-00C04F79EFBC}") = "Tekton.Module.Challenge.Application", "src\Modules\Challenge\Application\Tekton.Module.Challenge.Application\Tekton.Module.Challenge.Application.csproj", "{EC6D7414-946B-4875-889F-81DFC2FF1389}"
EndProject
Project("{FAE04EC0-301F-11D3-BF4B-00C04F79EFBC}") = "Tekton.Module.Challenge.Domain", "src\Modules\Challenge\Domain\Tekton.Module.Challenge.Domain\Tekton.Module.Challenge.Domain.csproj", "{F4C6D6EF-7826-4D02-ADEB-24434E341B64}"
EndProject
Project("{FAE04EC0-301F-11D3-BF4B-00C04F79EFBC}") = "Tekton.Module.Challenge.Infraestructure", "src\Modules\Challenge\Infraestructure\Tekton.Module.Challenge.Infraestructure\Tekton.Module.Challenge.Infraestructure.csproj", "{04FF5C4D-F21C-4AFA-BE3E-0618CE7E5D0E}"
EndProject
Project("{FAE04EC0-301F-11D3-BF4B-00C04F79EFBC}") = "Tekton.Module.Challenge.UnitTests", "src\Modules\Challenge\Tests\UnitTests\Tekton.Module.Challenge.UnitTests\Tekton.Module.Challenge.UnitTests.csproj", "{71704BF1-D07D-4FBF-8AB6-03F5D0167E1E}"
EndProject
Global
	GlobalSection(SolutionConfigurationPlatforms) = preSolution
		Debug|Any CPU = Debug|Any CPU
		Release|Any CPU = Release|Any CPU
	EndGlobalSection
	GlobalSection(ProjectConfigurationPlatforms) = postSolution
		{184B8DA1-8233-4021-8156-AE30CE8AD08A}.Debug|Any CPU.ActiveCfg = Debug|Any CPU
		{184B8DA1-8233-4021-8156-AE30CE8AD08A}.Debug|Any CPU.Build.0 = Debug|Any CPU
		{184B8DA1-8233-4021-8156-AE30CE8AD08A}.Release|Any CPU.ActiveCfg = Release|Any CPU
		{184B8DA1-8233-4021-8156-AE30CE8AD08A}.Release|Any CPU.Build.0 = Release|Any CPU
		{EC6D7414-946B-4875-889F-81DFC2FF1389}.Debug|Any CPU.ActiveCfg = Debug|Any CPU
		{EC6D7414-946B-4875-889F-81DFC2FF1389}.Debug|Any CPU.Build.0 = Debug|Any CPU
		{EC6D7414-946B-4875-889F-81DFC2FF1389}.Release|Any CPU.ActiveCfg = Release|Any CPU
		{EC6D7414-946B-4875-889F-81DFC2FF1389}.Release|Any CPU.Build.0 = Release|Any CPU
		{F4C6D6EF-7826-4D02-ADEB-24434E341B64}.Debug|Any CPU.ActiveCfg = Debug|Any CPU
		{F4C6D6EF-7826-4D02-ADEB-24434E341B64}.Debug|Any CPU.Build.0 = Debug|Any CPU
		{F4C6D6EF-7826-4D02-ADEB-24434E341B64}.Release|Any CPU.ActiveCfg = Release|Any CPU
		{F4C6D6EF-7826-4D02-ADEB-24434E341B64}.Release|Any CPU.Build.0 = Release|Any CPU
		{04FF5C4D-F21C-4AFA-BE3E-0618CE7E5D0E}.Debug|Any CPU.ActiveCfg = Debug|Any CPU
		{04FF5C4D-F21C-4AFA-BE3E-0618CE7E5D0E}.Debug|Any CPU.Build.0 = Debug|Any CPU
		{04FF5C4D-F21C-4AFA-BE3E-0618CE7E5D0E}.Release|Any CPU.ActiveCfg = Release|Any CPU
		{04FF5C4D-F21C-4AFA-BE3E-0618CE7E5D0E}.Release|Any CPU.Build.0 = Release|Any CPU
		{71704BF1-D07D-4FBF-8AB6-03F5D0167E1E}.Debug|Any CPU.ActiveCfg = Debug|Any CPU
		{71704BF1-D07D-4FBF-8AB6-03F5D0167E1E}.Debug|Any CPU.Build.0 = Debug|Any CPU
		{71704BF1-D07D-4FBF-8AB6-03F5D0167E1E}.Release|Any CPU.ActiveCfg = Release|Any CPU
		{71704BF1-D07D-4FBF-8AB6-03F5D0167E1E}.Release|Any CPU.Build.0 = Release|Any CPU
	EndGlobalSection
	GlobalSection(SolutionProperties) = preSolution
		HideSolutionNode = FALSE
	EndGlobalSection
	GlobalSection(NestedProjects) = preSolution
		{5B29EFA3-952B-4F46-8680-13971B8F193C} = {E62DA814-D0E9-4B4E-9153-13AACCB93122}
		{C6EA8D91-58E6-4B0E-B81F-F182DBDA7255} = {5B29EFA3-952B-4F46-8680-13971B8F193C}
		{184B8DA1-8233-4021-8156-AE30CE8AD08A} = {BB445A9C-563A-4A71-B20B-90CD9B2760CE}
		{2AFB2F99-6211-450C-8E7B-C0E3FAFC2957} = {5B29EFA3-952B-4F46-8680-13971B8F193C}
		{7B82C7EE-BA23-45BC-9D9A-CBC9638CBA1B} = {5B29EFA3-952B-4F46-8680-13971B8F193C}
		{45AADDD1-345D-4A0D-B8E9-F6CCE8AE69A0} = {5B29EFA3-952B-4F46-8680-13971B8F193C}
		{EC6D7414-946B-4875-889F-81DFC2FF1389} = {C6EA8D91-58E6-4B0E-B81F-F182DBDA7255}
		{F4C6D6EF-7826-4D02-ADEB-24434E341B64} = {2AFB2F99-6211-450C-8E7B-C0E3FAFC2957}
		{04FF5C4D-F21C-4AFA-BE3E-0618CE7E5D0E} = {7B82C7EE-BA23-45BC-9D9A-CBC9638CBA1B}
		{71704BF1-D07D-4FBF-8AB6-03F5D0167E1E} = {45AADDD1-345D-4A0D-B8E9-F6CCE8AE69A0}
	EndGlobalSection
	GlobalSection(ExtensibilityGlobals) = postSolution
		SolutionGuid = {35E73E19-6633-4316-83FD-F13A89EA95FD}
	EndGlobalSection
EndGlobal
